
Microsoft Visual Studio Solution File, Format Version 12.00
# Visual Studio Version 17
VisualStudioVersion = 17.14.36310.24 d17.14
MinimumVisualStudioVersion = 10.0.40219.1
Project("{FAE04EC0-301F-11D3-BF4B-00C04F79EFBC}") = "Reflection4", "Reflection4.csproj", "{9BA8A1D8-0928-4A73-B248-13C89127D2B5}"
EndProject
Global
	GlobalSection(SolutionConfigurationPlatforms) = preSolution
		Debug|Any CPU = Debug|Any CPU
		Release|Any CPU = Release|Any CPU
	EndGlobalSection
	GlobalSection(ProjectConfigurationPlatforms) = postSolution
		{9BA8A1D8-0928-4A73-B248-13C89127D2B5}.Debug|Any CPU.ActiveCfg = Debug|Any CPU
		{9BA8A1D8-0928-4A73-B248-13C89127D2B5}.Debug|Any CPU.Build.0 = Debug|Any CPU
		{9BA8A1D8-0928-4A73-B248-13C89127D2B5}.Release|Any CPU.ActiveCfg = Release|Any CPU
		{9BA8A1D8-0928-4A73-B248-13C89127D2B5}.Release|Any CPU.Build.0 = Release|Any CPU
	EndGlobalSection
	GlobalSection(SolutionProperties) = preSolution
		HideSolutionNode = FALSE
	EndGlobalSection
	GlobalSection(ExtensibilityGlobals) = postSolution
		SolutionGuid = {02E55B07-BB42-4920-8F9A-94EC2E519261}
	EndGlobalSection
EndGlobal
